
Microsoft Visual Studio Solution File, Format Version 12.00
# Visual Studio Version 17
VisualStudioVersion = 17.11.35327.3
MinimumVisualStudioVersion = 10.0.40219.1
Project("{FAE04EC0-301F-11D3-BF4B-00C04F79EFBC}") = "MyRoachFriendsaysHello!", "MyRoachFriendsaysHello!.csproj", "{A0FE4907-9975-496E-AC05-20A31542B55E}"
EndProject
Global
	GlobalSection(SolutionConfigurationPlatforms) = preSolution
		Debug|Any CPU = Debug|Any CPU
		Release|Any CPU = Release|Any CPU
	EndGlobalSection
	GlobalSection(ProjectConfigurationPlatforms) = postSolution
		{A0FE4907-9975-496E-AC05-20A31542B55E}.Debug|Any CPU.ActiveCfg = Debug|Any CPU
		{A0FE4907-9975-496E-AC05-20A31542B55E}.Debug|Any CPU.Build.0 = Debug|Any CPU
		{A0FE4907-9975-496E-AC05-20A31542B55E}.Release|Any CPU.ActiveCfg = Release|Any CPU
		{A0FE4907-9975-496E-AC05-20A31542B55E}.Release|Any CPU.Build.0 = Release|Any CPU
	EndGlobalSection
	GlobalSection(SolutionProperties) = preSolution
		HideSolutionNode = FALSE
	EndGlobalSection
	GlobalSection(ExtensibilityGlobals) = postSolution
		SolutionGuid = {0C95DA87-5B5D-44B8-B1D6-E3059AF12774}
	EndGlobalSection
EndGlobal
